
Microsoft Visual Studio Solution File, Format Version 12.00
# Visual Studio Version 17
VisualStudioVersion = 17.0.31612.314
MinimumVisualStudioVersion = 10.0.40219.1
Project("{FAE04EC0-301F-11D3-BF4B-00C04F79EFBC}") = "Minimal API Example", "Minimal API Example\Minimal API Example.csproj", "{F3569739-33CD-410F-BA37-24C6C5D5EFC5}"
EndProject
Global
	GlobalSection(SolutionConfigurationPlatforms) = preSolution
		Debug|Any CPU = Debug|Any CPU
		Release|Any CPU = Release|Any CPU
	EndGlobalSection
	GlobalSection(ProjectConfigurationPlatforms) = postSolution
		{F3569739-33CD-410F-BA37-24C6C5D5EFC5}.Debug|Any CPU.ActiveCfg = Debug|Any CPU
		{F3569739-33CD-410F-BA37-24C6C5D5EFC5}.Debug|Any CPU.Build.0 = Debug|Any CPU
		{F3569739-33CD-410F-BA37-24C6C5D5EFC5}.Release|Any CPU.ActiveCfg = Release|Any CPU
		{F3569739-33CD-410F-BA37-24C6C5D5EFC5}.Release|Any CPU.Build.0 = Release|Any CPU
	EndGlobalSection
	GlobalSection(SolutionProperties) = preSolution
		HideSolutionNode = FALSE
	EndGlobalSection
	GlobalSection(ExtensibilityGlobals) = postSolution
		SolutionGuid = {C63A507F-E385-4F05-AE95-63327589CF63}
	EndGlobalSection
EndGlobal
